
Microsoft Visual Studio Solution File, Format Version 12.00
# Visual Studio Version 17
VisualStudioVersion = 17.10.35013.160
MinimumVisualStudioVersion = 10.0.40219.1
Project("{FAE04EC0-301F-11D3-BF4B-00C04F79EFBC}") = "Diagram", "Diagram\Diagram.csproj", "{65DAD5FF-0C9B-4EF5-B217-382F78F8CAB8}"
EndProject
Project("{9A19103F-16F7-4668-BE54-9A1E7A4F7556}") = "Business", "Business\Business.csproj", "{2EF59380-593F-4BD3-8FF5-48A62F1CB3E2}"
EndProject
Project("{9A19103F-16F7-4668-BE54-9A1E7A4F7556}") = "Data", "Data\Data.csproj", "{5589217C-B852-4B47-96F6-25BE53B33E20}"
EndProject
Project("{9A19103F-16F7-4668-BE54-9A1E7A4F7556}") = "Entity", "Entity\Entity.csproj", "{23E48BA0-6F3A-4E3E-BEAD-FF85E538843F}"
EndProject
Project("{9A19103F-16F7-4668-BE54-9A1E7A4F7556}") = "Utilities", "Utilities\Utilities.csproj", "{7C82D66D-31A6-44F0-BCFA-575AE469681A}"
EndProject
Project("{FAE04EC0-301F-11D3-BF4B-00C04F79EFBC}") = "Web", "Web\Web.csproj", "{5F199CE7-811E-40AE-BFAD-736F05F6DD83}"
EndProject
Global
	GlobalSection(SolutionConfigurationPlatforms) = preSolution
		Debug|Any CPU = Debug|Any CPU
		Release|Any CPU = Release|Any CPU
	EndGlobalSection
	GlobalSection(ProjectConfigurationPlatforms) = postSolution
		{65DAD5FF-0C9B-4EF5-B217-382F78F8CAB8}.Debug|Any CPU.ActiveCfg = Debug|Any CPU
		{65DAD5FF-0C9B-4EF5-B217-382F78F8CAB8}.Debug|Any CPU.Build.0 = Debug|Any CPU
		{65DAD5FF-0C9B-4EF5-B217-382F78F8CAB8}.Release|Any CPU.ActiveCfg = Release|Any CPU
		{65DAD5FF-0C9B-4EF5-B217-382F78F8CAB8}.Release|Any CPU.Build.0 = Release|Any CPU
		{2EF59380-593F-4BD3-8FF5-48A62F1CB3E2}.Debug|Any CPU.ActiveCfg = Debug|Any CPU
		{2EF59380-593F-4BD3-8FF5-48A62F1CB3E2}.Debug|Any CPU.Build.0 = Debug|Any CPU
		{2EF59380-593F-4BD3-8FF5-48A62F1CB3E2}.Release|Any CPU.ActiveCfg = Release|Any CPU
		{2EF59380-593F-4BD3-8FF5-48A62F1CB3E2}.Release|Any CPU.Build.0 = Release|Any CPU
		{5589217C-B852-4B47-96F6-25BE53B33E20}.Debug|Any CPU.ActiveCfg = Debug|Any CPU
		{5589217C-B852-4B47-96F6-25BE53B33E20}.Debug|Any CPU.Build.0 = Debug|Any CPU
		{5589217C-B852-4B47-96F6-25BE53B33E20}.Release|Any CPU.ActiveCfg = Release|Any CPU
		{5589217C-B852-4B47-96F6-25BE53B33E20}.Release|Any CPU.Build.0 = Release|Any CPU
		{23E48BA0-6F3A-4E3E-BEAD-FF85E538843F}.Debug|Any CPU.ActiveCfg = Debug|Any CPU
		{23E48BA0-6F3A-4E3E-BEAD-FF85E538843F}.Debug|Any CPU.Build.0 = Debug|Any CPU
		{23E48BA0-6F3A-4E3E-BEAD-FF85E538843F}.Release|Any CPU.ActiveCfg = Release|Any CPU
		{23E48BA0-6F3A-4E3E-BEAD-FF85E538843F}.Release|Any CPU.Build.0 = Release|Any CPU
		{7C82D66D-31A6-44F0-BCFA-575AE469681A}.Debug|Any CPU.ActiveCfg = Debug|Any CPU
		{7C82D66D-31A6-44F0-BCFA-575AE469681A}.Debug|Any CPU.Build.0 = Debug|Any CPU
		{7C82D66D-31A6-44F0-BCFA-575AE469681A}.Release|Any CPU.ActiveCfg = Release|Any CPU
		{7C82D66D-31A6-44F0-BCFA-575AE469681A}.Release|Any CPU.Build.0 = Release|Any CPU
		{5F199CE7-811E-40AE-BFAD-736F05F6DD83}.Debug|Any CPU.ActiveCfg = Debug|Any CPU
		{5F199CE7-811E-40AE-BFAD-736F05F6DD83}.Debug|Any CPU.Build.0 = Debug|Any CPU
		{5F199CE7-811E-40AE-BFAD-736F05F6DD83}.Release|Any CPU.ActiveCfg = Release|Any CPU
		{5F199CE7-811E-40AE-BFAD-736F05F6DD83}.Release|Any CPU.Build.0 = Release|Any CPU
	EndGlobalSection
	GlobalSection(SolutionProperties) = preSolution
		HideSolutionNode = FALSE
	EndGlobalSection
	GlobalSection(ExtensibilityGlobals) = postSolution
		SolutionGuid = {C457B86E-3C18-4B75-8389-8D160E58919E}
	EndGlobalSection
EndGlobal
